
Microsoft Visual Studio Solution File, Format Version 12.00
# Visual Studio Version 17
VisualStudioVersion = 17.5.33516.290
MinimumVisualStudioVersion = 10.0.40219.1
Project("{FAE04EC0-301F-11D3-BF4B-00C04F79EFBC}") = "CoreFinalDemo", "CoreFinalDemo\CoreFinalDemo.csproj", "{45B6D391-1EF7-4436-BBE7-69DB8A6436E3}"
EndProject
Global
	GlobalSection(SolutionConfigurationPlatforms) = preSolution
		Debug|Any CPU = Debug|Any CPU
		Release|Any CPU = Release|Any CPU
	EndGlobalSection
	GlobalSection(ProjectConfigurationPlatforms) = postSolution
		{45B6D391-1EF7-4436-BBE7-69DB8A6436E3}.Debug|Any CPU.ActiveCfg = Debug|Any CPU
		{45B6D391-1EF7-4436-BBE7-69DB8A6436E3}.Debug|Any CPU.Build.0 = Debug|Any CPU
		{45B6D391-1EF7-4436-BBE7-69DB8A6436E3}.Release|Any CPU.ActiveCfg = Release|Any CPU
		{45B6D391-1EF7-4436-BBE7-69DB8A6436E3}.Release|Any CPU.Build.0 = Release|Any CPU
	EndGlobalSection
	GlobalSection(SolutionProperties) = preSolution
		HideSolutionNode = FALSE
	EndGlobalSection
	GlobalSection(ExtensibilityGlobals) = postSolution
		SolutionGuid = {1D9BABBC-BA09-477F-A1F6-0F8DDAF8D9E6}
	EndGlobalSection
EndGlobal
